// !$*UTF8*$!
{
	archiveVersion = 1;
	classes = {
	};
	objectVersion = 50;
	objects = {

/* Begin PBXBuildFile section */
		8A0C0EFC23E2ADF400F3462F /* AppStoreContent.json in Resources */ = {isa = PBXBuildFile; fileRef = 8A0C0EFB23E2ADF400F3462F /* AppStoreContent.json */; };
		8A0C0EFE23E2ED1400F3462F /* BackgroundView.swift in Sources */ = {isa = PBXBuildFile; fileRef = 8A0C0EFD23E2ED1400F3462F /* BackgroundView.swift */; };
		8A0C0F0223E2F26700F3462F /* AppStoreItemCell.swift in Sources */ = {isa = PBXBuildFile; fileRef = 8A0C0F0123E2F26700F3462F /* AppStoreItemCell.swift */; };
		8A0C0F0423E2F27500F3462F /* AppStoreItemCell.xib in Resources */ = {isa = PBXBuildFile; fileRef = 8A0C0F0323E2F27500F3462F /* AppStoreItemCell.xib */; };
		8A27C58623E96B2D00915C44 /* SectionHeaderView.xib in Resources */ = {isa = PBXBuildFile; fileRef = 8A27C58523E96B2D00915C44 /* SectionHeaderView.xib */; };
		8A27C58823E96BA500915C44 /* SectionHeaderView.swift in Sources */ = {isa = PBXBuildFile; fileRef = 8A27C58723E96BA500915C44 /* SectionHeaderView.swift */; };
		8A7427BE23D8195D00E9C1E1 /* AppStoreFeatureCell.xib in Resources */ = {isa = PBXBuildFile; fileRef = 8A7427BD23D8195D00E9C1E1 /* AppStoreFeatureCell.xib */; };
		8A7427C023D81A5F00E9C1E1 /* AppStoreFeatureCell.swift in Sources */ = {isa = PBXBuildFile; fileRef = 8A7427BF23D81A5F00E9C1E1 /* AppStoreFeatureCell.swift */; };
		8A7427C323D8213C00E9C1E1 /* AppStoreItemController.swift in Sources */ = {isa = PBXBuildFile; fileRef = 8A7427C223D8213C00E9C1E1 /* AppStoreItemController.swift */; };
		8AE0653423D80E8400BC1C90 /* AppDelegate.swift in Sources */ = {isa = PBXBuildFile; fileRef = 8AE0653323D80E8400BC1C90 /* AppDelegate.swift */; };
		8AE0653623D80E8400BC1C90 /* SceneDelegate.swift in Sources */ = {isa = PBXBuildFile; fileRef = 8AE0653523D80E8400BC1C90 /* SceneDelegate.swift */; };
		8AE0653823D80E8400BC1C90 /* ViewController.swift in Sources */ = {isa = PBXBuildFile; fileRef = 8AE0653723D80E8400BC1C90 /* ViewController.swift */; };
		8AE0653B23D80E8400BC1C90 /* Main.storyboard in Resources */ = {isa = PBXBuildFile; fileRef = 8AE0653923D80E8400BC1C90 /* Main.storyboard */; };
		8AE0653D23D80E8500BC1C90 /* Assets.xcassets in Resources */ = {isa = PBXBuildFile; fileRef = 8AE0653C23D80E8500BC1C90 /* Assets.xcassets */; };
		8AE0654023D80E8500BC1C90 /* LaunchScreen.storyboard in Resources */ = {isa = PBXBuildFile; fileRef = 8AE0653E23D80E8500BC1C90 /* LaunchScreen.storyboard */; };
/* End PBXBuildFile section */

/* Begin PBXFileReference section */
		8A0C0EFB23E2ADF400F3462F /* AppStoreContent.json */ = {isa = PBXFileReference; fileEncoding = 4; lastKnownFileType = text.json; path = AppStoreContent.json; sourceTree = "<group>"; };
		8A0C0EFD23E2ED1400F3462F /* BackgroundView.swift */ = {isa = PBXFileReference; lastKnownFileType = sourcecode.swift; path = BackgroundView.swift; sourceTree = "<group>"; };
		8A0C0F0123E2F26700F3462F /* AppStoreItemCell.swift */ = {isa = PBXFileReference; lastKnownFileType = sourcecode.swift; path = AppStoreItemCell.swift; sourceTree = "<group>"; };
		8A0C0F0323E2F27500F3462F /* AppStoreItemCell.xib */ = {isa = PBXFileReference; lastKnownFileType = file.xib; path = AppStoreItemCell.xib; sourceTree = "<group>"; };
		8A27C58523E96B2D00915C44 /* SectionHeaderView.xib */ = {isa = PBXFileReference; lastKnownFileType = file.xib; path = SectionHeaderView.xib; sourceTree = "<group>"; };
		8A27C58723E96BA500915C44 /* SectionHeaderView.swift */ = {isa = PBXFileReference; lastKnownFileType = sourcecode.swift; path = SectionHeaderView.swift; sourceTree = "<group>"; };
		8A7427BD23D8195D00E9C1E1 /* AppStoreFeatureCell.xib */ = {isa = PBXFileReference; lastKnownFileType = file.xib; path = AppStoreFeatureCell.xib; sourceTree = "<group>"; };
		8A7427BF23D81A5F00E9C1E1 /* AppStoreFeatureCell.swift */ = {isa = PBXFileReference; lastKnownFileType = sourcecode.swift; path = AppStoreFeatureCell.swift; sourceTree = "<group>"; };
		8A7427C223D8213C00E9C1E1 /* AppStoreItemController.swift */ = {isa = PBXFileReference; lastKnownFileType = sourcecode.swift; path = AppStoreItemController.swift; sourceTree = "<group>"; };
		8AE0653023D80E8400BC1C90 /* AppStoreUI.app */ = {isa = PBXFileReference; explicitFileType = wrapper.application; includeInIndex = 0; path = AppStoreUI.app; sourceTree = BUILT_PRODUCTS_DIR; };
		8AE0653323D80E8400BC1C90 /* AppDelegate.swift */ = {isa = PBXFileReference; lastKnownFileType = sourcecode.swift; path = AppDelegate.swift; sourceTree = "<group>"; };
		8AE0653523D80E8400BC1C90 /* SceneDelegate.swift */ = {isa = PBXFileReference; lastKnownFileType = sourcecode.swift; path = SceneDelegate.swift; sourceTree = "<group>"; };
		8AE0653723D80E8400BC1C90 /* ViewController.swift */ = {isa = PBXFileReference; lastKnownFileType = sourcecode.swift; path = ViewController.swift; sourceTree = "<group>"; };
		8AE0653A23D80E8400BC1C90 /* Base */ = {isa = PBXFileReference; lastKnownFileType = file.storyboard; name = Base; path = Base.lproj/Main.storyboard; sourceTree = "<group>"; };
		8AE0653C23D80E8500BC1C90 /* Assets.xcassets */ = {isa = PBXFileReference; lastKnownFileType = folder.assetcatalog; path = Assets.xcassets; sourceTree = "<group>"; };
		8AE0653F23D80E8500BC1C90 /* Base */ = {isa = PBXFileReference; lastKnownFileType = file.storyboard; name = Base; path = Base.lproj/LaunchScreen.storyboard; sourceTree = "<group>"; };
		8AE0654123D80E8500BC1C90 /* Info.plist */ = {isa = PBXFileReference; lastKnownFileType = text.plist.xml; path = Info.plist; sourceTree = "<group>"; };
/* End PBXFileReference section */

/* Begin PBXFrameworksBuildPhase section */
		8AE0652D23D80E8400BC1C90 /* Frameworks */ = {
			isa = PBXFrameworksBuildPhase;
			buildActionMask = 2147483647;
			files = (
			);
			runOnlyForDeploymentPostprocessing = 0;
		};
/* End PBXFrameworksBuildPhase section */

/* Begin PBXGroup section */
		8A0C0EFF23E2F23F00F3462F /* AppStoreFeature */ = {
			isa = PBXGroup;
			children = (
				8A7427BD23D8195D00E9C1E1 /* AppStoreFeatureCell.xib */,
				8A7427BF23D81A5F00E9C1E1 /* AppStoreFeatureCell.swift */,
			);
			path = AppStoreFeature;
			sourceTree = "<group>";
		};
		8A0C0F0023E2F24E00F3462F /* AppStoreItem */ = {
			isa = PBXGroup;
			children = (
				8A0C0F0123E2F26700F3462F /* AppStoreItemCell.swift */,
				8A0C0F0323E2F27500F3462F /* AppStoreItemCell.xib */,
			);
			path = AppStoreItem;
			sourceTree = "<group>";
		};
		8A27C58423E96B1900915C44 /* SectionHeaderView */ = {
			isa = PBXGroup;
			children = (
				8A27C58523E96B2D00915C44 /* SectionHeaderView.xib */,
				8A27C58723E96BA500915C44 /* SectionHeaderView.swift */,
			);
			path = SectionHeaderView;
			sourceTree = "<group>";
		};
		8A7427BC23D8193D00E9C1E1 /* Cells+Supplementary Views */ = {
			isa = PBXGroup;
			children = (
				8A27C58423E96B1900915C44 /* SectionHeaderView */,
				8A0C0F0023E2F24E00F3462F /* AppStoreItem */,
				8A0C0EFF23E2F23F00F3462F /* AppStoreFeature */,
				8A0C0EFD23E2ED1400F3462F /* BackgroundView.swift */,
			);
			path = "Cells+Supplementary Views";
			sourceTree = "<group>";
		};
		8A7427C123D820D700E9C1E1 /* Controllers */ = {
			isa = PBXGroup;
			children = (
				8A7427C223D8213C00E9C1E1 /* AppStoreItemController.swift */,
				8A0C0EFB23E2ADF400F3462F /* AppStoreContent.json */,
			);
			path = Controllers;
			sourceTree = "<group>";
		};
		8AE0652723D80E8300BC1C90 = {
			isa = PBXGroup;
			children = (
				8AE0653223D80E8400BC1C90 /* AppStoreUI */,
				8AE0653123D80E8400BC1C90 /* Products */,
			);
			sourceTree = "<group>";
		};
		8AE0653123D80E8400BC1C90 /* Products */ = {
			isa = PBXGroup;
			children = (
				8AE0653023D80E8400BC1C90 /* AppStoreUI.app */,
			);
			name = Products;
			sourceTree = "<group>";
		};
		8AE0653223D80E8400BC1C90 /* AppStoreUI */ = {
			isa = PBXGroup;
			children = (
				8A7427C123D820D700E9C1E1 /* Controllers */,
				8A7427BC23D8193D00E9C1E1 /* Cells+Supplementary Views */,
				8AE0653323D80E8400BC1C90 /* AppDelegate.swift */,
				8AE0653523D80E8400BC1C90 /* SceneDelegate.swift */,
				8AE0653723D80E8400BC1C90 /* ViewController.swift */,
				8AE0653923D80E8400BC1C90 /* Main.storyboard */,
				8AE0653C23D80E8500BC1C90 /* Assets.xcassets */,
				8AE0653E23D80E8500BC1C90 /* LaunchScreen.storyboard */,
				8AE0654123D80E8500BC1C90 /* Info.plist */,
			);
			path = AppStoreUI;
			sourceTree = "<group>";
		};
/* End PBXGroup section */

/* Begin PBXNativeTarget section */
		8AE0652F23D80E8400BC1C90 /* AppStoreUI */ = {
			isa = PBXNativeTarget;
			buildConfigurationList = 8AE0654423D80E8500BC1C90 /* Build configuration list for PBXNativeTarget "AppStoreUI" */;
			buildPhases = (
				8AE0652C23D80E8400BC1C90 /* Sources */,
				8AE0652D23D80E8400BC1C90 /* Frameworks */,
				8AE0652E23D80E8400BC1C90 /* Resources */,
			);
			buildRules = (
			);
			dependencies = (
			);
			name = AppStoreUI;
			productName = AppStoreUI;
			productReference = 8AE0653023D80E8400BC1C90 /* AppStoreUI.app */;
			productType = "com.apple.product-type.application";
		};
/* End PBXNativeTarget section */

/* Begin PBXProject section */
		8AE0652823D80E8300BC1C90 /* Project object */ = {
			isa = PBXProject;
			attributes = {
				LastSwiftUpdateCheck = 1130;
				LastUpgradeCheck = 1130;
				ORGANIZATIONNAME = "Md. Saber Hossain";
				TargetAttributes = {
					8AE0652F23D80E8400BC1C90 = {
						CreatedOnToolsVersion = 11.3.1;
					};
				};
			};
			buildConfigurationList = 8AE0652B23D80E8300BC1C90 /* Build configuration list for PBXProject "AppStoreUI" */;
			compatibilityVersion = "Xcode 9.3";
			developmentRegion = en;
			hasScannedForEncodings = 0;
			knownRegions = (
				en,
				Base,
			);
			mainGroup = 8AE0652723D80E8300BC1C90;
			productRefGroup = 8AE0653123D80E8400BC1C90 /* Products */;
			projectDirPath = "";
			projectRoot = "";
			targets = (
				8AE0652F23D80E8400BC1C90 /* AppStoreUI */,
			);
		};
/* End PBXProject section */

/* Begin PBXResourcesBuildPhase section */
		8AE0652E23D80E8400BC1C90 /* Resources */ = {
			isa = PBXResourcesBuildPhase;
			buildActionMask = 2147483647;
			files = (
				8AE0654023D80E8500BC1C90 /* LaunchScreen.storyboard in Resources */,
				8A0C0EFC23E2ADF400F3462F /* AppStoreContent.json in Resources */,
				8AE0653D23D80E8500BC1C90 /* Assets.xcassets in Resources */,
				8A7427BE23D8195D00E9C1E1 /* AppStoreFeatureCell.xib in Resources */,
				8A0C0F0423E2F27500F3462F /* AppStoreItemCell.xib in Resources */,
				8AE0653B23D80E8400BC1C90 /* Main.storyboard in Resources */,
				8A27C58623E96B2D00915C44 /* SectionHeaderView.xib in Resources */,
			);
			runOnlyForDeploymentPostprocessing = 0;
		};
/* End PBXResourcesBuildPhase section */

/* Begin PBXSourcesBuildPhase section */
		8AE0652C23D80E8400BC1C90 /* Sources */ = {
			isa = PBXSourcesBuildPhase;
			buildActionMask = 2147483647;
			files = (
				8A0C0EFE23E2ED1400F3462F /* BackgroundView.swift in Sources */,
				8AE0653823D80E8400BC1C90 /* ViewController.swift in Sources */,
				8A0C0F0223E2F26700F3462F /* AppStoreItemCell.swift in Sources */,
				8A27C58823E96BA500915C44 /* SectionHeaderView.swift in Sources */,
				8AE0653423D80E8400BC1C90 /* AppDelegate.swift in Sources */,
				8A7427C023D81A5F00E9C1E1 /* AppStoreFeatureCell.swift in Sources */,
				8AE0653623D80E8400BC1C90 /* SceneDelegate.swift in Sources */,
				8A7427C323D8213C00E9C1E1 /* AppStoreItemController.swift in Sources */,
			);
			runOnlyForDeploymentPostprocessing = 0;
		};
/* End PBXSourcesBuildPhase section */

/* Begin PBXVariantGroup section */
		8AE0653923D80E8400BC1C90 /* Main.storyboard */ = {
			isa = PBXVariantGroup;
			children = (
				8AE0653A23D80E8400BC1C90 /* Base */,
			);
			name = Main.storyboard;
			sourceTree = "<group>";
		};
		8AE0653E23D80E8500BC1C90 /* LaunchScreen.storyboard */ = {
			isa = PBXVariantGroup;
			children = (
				8AE0653F23D80E8500BC1C90 /* Base */,
			);
			name = LaunchScreen.storyboard;
			sourceTree = "<group>";
		};
/* End PBXVariantGroup section */

/* Begin XCBuildConfiguration section */
		8AE0654223D80E8500BC1C90 /* Debug */ = {
			isa = XCBuildConfiguration;
			buildSettings = {
				ALWAYS_SEARCH_USER_PATHS = NO;
				CLANG_ANALYZER_NONNULL = YES;
				CLANG_ANALYZER_NUMBER_OBJECT_CONVERSION = YES_AGGRESSIVE;
				CLANG_CXX_LANGUAGE_STANDARD = "gnu++14";
				CLANG_CXX_LIBRARY = "libc++";
				CLANG_ENABLE_MODULES = YES;
				CLANG_ENABLE_OBJC_ARC = YES;
				CLANG_ENABLE_OBJC_WEAK = YES;
				CLANG_WARN_BLOCK_CAPTURE_AUTORELEASING = YES;
				CLANG_WARN_BOOL_CONVERSION = YES;
				CLANG_WARN_COMMA = YES;
				CLANG_WARN_CONSTANT_CONVERSION = YES;
				CLANG_WARN_DEPRECATED_OBJC_IMPLEMENTATIONS = YES;
				CLANG_WARN_DIRECT_OBJC_ISA_USAGE = YES_ERROR;
				CLANG_WARN_DOCUMENTATION_COMMENTS = YES;
				CLANG_WARN_EMPTY_BODY = YES;
				CLANG_WARN_ENUM_CONVERSION = YES;
				CLANG_WARN_INFINITE_RECURSION = YES;
				CLANG_WARN_INT_CONVERSION = YES;
				CLANG_WARN_NON_LITERAL_NULL_CONVERSION = YES;
				CLANG_WARN_OBJC_IMPLICIT_RETAIN_SELF = YES;
				CLANG_WARN_OBJC_LITERAL_CONVERSION = YES;
				CLANG_WARN_OBJC_ROOT_CLASS = YES_ERROR;
				CLANG_WARN_RANGE_LOOP_ANALYSIS = YES;
				CLANG_WARN_STRICT_PROTOTYPES = YES;
				CLANG_WARN_SUSPICIOUS_MOVE = YES;
				CLANG_WARN_UNGUARDED_AVAILABILITY = YES_AGGRESSIVE;
				CLANG_WARN_UNREACHABLE_CODE = YES;
				CLANG_WARN__DUPLICATE_METHOD_MATCH = YES;
				COPY_PHASE_STRIP = NO;
				DEBUG_INFORMATION_FORMAT = dwarf;
				ENABLE_STRICT_OBJC_MSGSEND = YES;
				ENABLE_TESTABILITY = YES;
				GCC_C_LANGUAGE_STANDARD = gnu11;
				GCC_DYNAMIC_NO_PIC = NO;
				GCC_NO_COMMON_BLOCKS = YES;
				GCC_OPTIMIZATION_LEVEL = 0;
				GCC_PREPROCESSOR_DEFINITIONS = (
					"DEBUG=1",
					"$(inherited)",
				);
				GCC_WARN_64_TO_32_BIT_CONVERSION = YES;
				GCC_WARN_ABOUT_RETURN_TYPE = YES_ERROR;
				GCC_WARN_UNDECLARED_SELECTOR = YES;
				GCC_WARN_UNINITIALIZED_AUTOS = YES_AGGRESSIVE;
				GCC_WARN_UNUSED_FUNCTION = YES;
				GCC_WARN_UNUSED_VARIABLE = YES;
				IPHONEOS_DEPLOYMENT_TARGET = 13.0;
				MTL_ENABLE_DEBUG_INFO = INCLUDE_SOURCE;
				MTL_FAST_MATH = YES;
				ONLY_ACTIVE_ARCH = YES;
				SDKROOT = iphoneos;
				SWIFT_ACTIVE_COMPILATION_CONDITIONS = DEBUG;
				SWIFT_OPTIMIZATION_LEVEL = "-Onone";
			};
			name = Debug;
		};
		8AE0654323D80E8500BC1C90 /* Release */ = {
			isa = XCBuildConfiguration;
			buildSettings = {
				ALWAYS_SEARCH_USER_PATHS = NO;
				CLANG_ANALYZER_NONNULL = YES;
				CLANG_ANALYZER_NUMBER_OBJECT_CONVERSION = YES_AGGRESSIVE;
				CLANG_CXX_LANGUAGE_STANDARD = "gnu++14";
				CLANG_CXX_LIBRARY = "libc++";
				CLANG_ENABLE_MODULES = YES;
				CLANG_ENABLE_OBJC_ARC = YES;
				CLANG_ENABLE_OBJC_WEAK = YES;
				CLANG_WARN_BLOCK_CAPTURE_AUTORELEASING = YES;
				CLANG_WARN_BOOL_CONVERSION = YES;
				CLANG_WARN_COMMA = YES;
				CLANG_WARN_CONSTANT_CONVERSION = YES;
				CLANG_WARN_DEPRECATED_OBJC_IMPLEMENTATIONS = YES;
				CLANG_WARN_DIRECT_OBJC_ISA_USAGE = YES_ERROR;
				CLANG_WARN_DOCUMENTATION_COMMENTS = YES;
				CLANG_WARN_EMPTY_BODY = YES;
				CLANG_WARN_ENUM_CONVERSION = YES;
				CLANG_WARN_INFINITE_RECURSION = YES;
				CLANG_WARN_INT_CONVERSION = YES;
				CLANG_WARN_NON_LITERAL_NULL_CONVERSION = YES;
				CLANG_WARN_OBJC_IMPLICIT_RETAIN_SELF = YES;
				CLANG_WARN_OBJC_LITERAL_CONVERSION = YES;
				CLANG_WARN_OBJC_ROOT_CLASS = YES_ERROR;
				CLANG_WARN_RANGE_LOOP_ANALYSIS = YES;
				CLANG_WARN_STRICT_PROTOTYPES = YES;
				CLANG_WARN_SUSPICIOUS_MOVE = YES;
				CLANG_WARN_UNGUARDED_AVAILABILITY = YES_AGGRESSIVE;
				CLANG_WARN_UNREACHABLE_CODE = YES;
				CLANG_WARN__DUPLICATE_METHOD_MATCH = YES;
				COPY_PHASE_STRIP = NO;
				DEBUG_INFORMATION_FORMAT = "dwarf-with-dsym";
				ENABLE_NS_ASSERTIONS = NO;
				ENABLE_STRICT_OBJC_MSGSEND = YES;
				GCC_C_LANGUAGE_STANDARD = gnu11;
				GCC_NO_COMMON_BLOCKS = YES;
				GCC_WARN_64_TO_32_BIT_CONVERSION = YES;
				GCC_WARN_ABOUT_RETURN_TYPE = YES_ERROR;
				GCC_WARN_UNDECLARED_SELECTOR = YES;
				GCC_WARN_UNINITIALIZED_AUTOS = YES_AGGRESSIVE;
				GCC_WARN_UNUSED_FUNCTION = YES;
				GCC_WARN_UNUSED_VARIABLE = YES;
				IPHONEOS_DEPLOYMENT_TARGET = 13.0;
				MTL_ENABLE_DEBUG_INFO = NO;
				MTL_FAST_MATH = YES;
				SDKROOT = iphoneos;
				SWIFT_COMPILATION_MODE = wholemodule;
				SWIFT_OPTIMIZATION_LEVEL = "-O";
				VALIDATE_PRODUCT = YES;
			};
			name = Release;
		};
		8AE0654523D80E8500BC1C90 /* Debug */ = {
			isa = XCBuildConfiguration;
			buildSettings = {
				ASSETCATALOG_COMPILER_APPICON_NAME = AppIcon;
				CODE_SIGN_STYLE = Automatic;
				DEVELOPMENT_TEAM = XYSCZDXKR7;
				INFOPLIST_FILE = AppStoreUI/Info.plist;
				IPHONEOS_DEPLOYMENT_TARGET = 13.0;
				LD_RUNPATH_SEARCH_PATHS = (
					"$(inherited)",
					"@executable_path/Frameworks",
				);
				PRODUCT_BUNDLE_IDENTIFIER = com.saber.AppStoreUI;
				PRODUCT_NAME = "$(TARGET_NAME)";
				SWIFT_VERSION = 5.0;
				TARGETED_DEVICE_FAMILY = "1,2";
			};
			name = Debug;
		};
		8AE0654623D80E8500BC1C90 /* Release */ = {
			isa = XCBuildConfiguration;
			buildSettings = {
				ASSETCATALOG_COMPILER_APPICON_NAME = AppIcon;
				CODE_SIGN_STYLE = Automatic;
				DEVELOPMENT_TEAM = XYSCZDXKR7;
				INFOPLIST_FILE = AppStoreUI/Info.plist;
				IPHONEOS_DEPLOYMENT_TARGET = 13.0;
				LD_RUNPATH_SEARCH_PATHS = (
					"$(inherited)",
					"@executable_path/Frameworks",
				);
				PRODUCT_BUNDLE_IDENTIFIER = com.saber.AppStoreUI;
				PRODUCT_NAME = "$(TARGET_NAME)";
				SWIFT_VERSION = 5.0;
				TARGETED_DEVICE_FAMILY = "1,2";
			};
			name = Release;
		};
/* End XCBuildConfiguration section */

/* Begin XCConfigurationList section */
		8AE0652B23D80E8300BC1C90 /* Build configuration list for PBXProject "AppStoreUI" */ = {
			isa = XCConfigurationList;
			buildConfigurations = (
				8AE0654223D80E8500BC1C90 /* Debug */,
				8AE0654323D80E8500BC1C90 /* Release */,
			);
			defaultConfigurationIsVisible = 0;
			defaultConfigurationName = Release;
		};
		8AE0654423D80E8500BC1C90 /* Build configuration list for PBXNativeTarget "AppStoreUI" */ = {
			isa = XCConfigurationList;
			buildConfigurations = (
				8AE0654523D80E8500BC1C90 /* Debug */,
				8AE0654623D80E8500BC1C90 /* Release */,
			);
			defaultConfigurationIsVisible = 0;
			defaultConfigurationName = Release;
		};
/* End XCConfigurationList section */
	};
	rootObject = 8AE0652823D80E8300BC1C90 /* Project object */;
}
